{
  "nodes": {
    "nixpkgs": {
      "locked": {
        "lastModified": 1750133334,
        "narHash": "sha256-urV51uWH7fVnhIvsZIELIYalMYsyr2FCalvlRTzqWRw=",
        "owner": "nixos",
        "repo": "nixpkgs",
        "rev": "36ab78dab7da2e4e27911007033713bab534187b",
        "type": "github"
      },
      "original": {
        "owner": "nixos",
        "ref": "nixos-25.05",
        "repo": "nixpkgs",
        "type": "github"
      }
    },
    "nixpkgs-wezterm": {
      "locked": {
        "lastModified": 1722995383,
        "narHash": "sha256-UzuXo7ZM8ZK0SkWFhHocKkLSGQPHS4JxaE1jvVR4fUo=",
        "owner": "nixos",
        "repo": "nixpkgs",
        "rev": "957d95fc8b9bf1eb60d43f8d2eba352b71bbf2be",
        "type": "github"
      },
      "original": {
        "owner": "nixos",
        "repo": "nixpkgs",
        "rev": "957d95fc8b9bf1eb60d43f8d2eba352b71bbf2be",
        "type": "github"
      }
    },
    "root": {
      "inputs": {
        "nixpkgs": "nixpkgs",
        "nixpkgs-wezterm": "nixpkgs-wezterm"
      }
    }
  },
  "root": "root",
  "version": 7
}
