{
  "nodes": {
    "nixpkgs": {
      "locked": {
        "lastModified": 1733759999,
        "narHash": "sha256-463SNPWmz46iLzJKRzO3Q2b0Aurff3U1n0nYItxq7jU=",
        "owner": "nixos",
        "repo": "nixpkgs",
        "rev": "a73246e2eef4c6ed172979932bc80e1404ba2d56",
        "type": "github"
      },
      "original": {
        "owner": "nixos",
        "ref": "nixos-unstable",
        "repo": "nixpkgs",
        "type": "github"
      }
    },
    "nixpkgs-wezterm": {
      "locked": {
        "lastModified": 1722995383,
        "narHash": "sha256-UzuXo7ZM8ZK0SkWFhHocKkLSGQPHS4JxaE1jvVR4fUo=",
        "owner": "nixos",
        "repo": "nixpkgs",
        "rev": "957d95fc8b9bf1eb60d43f8d2eba352b71bbf2be",
        "type": "github"
      },
      "original": {
        "owner": "nixos",
        "repo": "nixpkgs",
        "rev": "957d95fc8b9bf1eb60d43f8d2eba352b71bbf2be",
        "type": "github"
      }
    },
    "root": {
      "inputs": {
        "nixpkgs": "nixpkgs",
        "nixpkgs-wezterm": "nixpkgs-wezterm"
      }
    }
  },
  "root": "root",
  "version": 7
}
